
Microsoft Visual Studio Solution File, Format Version 12.00
# Visual Studio 15
VisualStudioVersion = 15.0.26730.12
MinimumVisualStudioVersion = 10.0.40219.1
Project("{9A19103F-16F7-4668-BE54-9A1E7A4F7556}") = "TravelService", "TravelService\TravelService.csproj", "{940AF597-DCE8-4AAA-8C57-178333F9E7FD}"
EndProject
Project("{9A19103F-16F7-4668-BE54-9A1E7A4F7556}") = "TravelService.Contract", "TravelService.Contract\TravelService.Contract.csproj", "{ED6E3D69-1B18-4CAA-9BDF-F14E3372C325}"
EndProject
Project("{9A19103F-16F7-4668-BE54-9A1E7A4F7556}") = "TravelService.Db.Mongo", "TravelService.Db.Mongo\TravelService.Db.Mongo.csproj", "{4AD92DF8-60D8-4A17-A5B8-CDF0B5CBA149}"
EndProject
Project("{FAE04EC0-301F-11D3-BF4B-00C04F79EFBC}") = "TravelService.Tests", "TravelService.Tests\TravelService.Tests.csproj", "{DFB48C83-2E6A-4DA2-8A8B-3A399AD31D95}"
EndProject
Global
	GlobalSection(SolutionConfigurationPlatforms) = preSolution
		Debug|Any CPU = Debug|Any CPU
		Release|Any CPU = Release|Any CPU
	EndGlobalSection
	GlobalSection(ProjectConfigurationPlatforms) = postSolution
		{940AF597-DCE8-4AAA-8C57-178333F9E7FD}.Debug|Any CPU.ActiveCfg = Debug|Any CPU
		{940AF597-DCE8-4AAA-8C57-178333F9E7FD}.Debug|Any CPU.Build.0 = Debug|Any CPU
		{940AF597-DCE8-4AAA-8C57-178333F9E7FD}.Release|Any CPU.ActiveCfg = Release|Any CPU
		{940AF597-DCE8-4AAA-8C57-178333F9E7FD}.Release|Any CPU.Build.0 = Release|Any CPU
		{ED6E3D69-1B18-4CAA-9BDF-F14E3372C325}.Debug|Any CPU.ActiveCfg = Debug|Any CPU
		{ED6E3D69-1B18-4CAA-9BDF-F14E3372C325}.Debug|Any CPU.Build.0 = Debug|Any CPU
		{ED6E3D69-1B18-4CAA-9BDF-F14E3372C325}.Release|Any CPU.ActiveCfg = Release|Any CPU
		{ED6E3D69-1B18-4CAA-9BDF-F14E3372C325}.Release|Any CPU.Build.0 = Release|Any CPU
		{4AD92DF8-60D8-4A17-A5B8-CDF0B5CBA149}.Debug|Any CPU.ActiveCfg = Debug|Any CPU
		{4AD92DF8-60D8-4A17-A5B8-CDF0B5CBA149}.Debug|Any CPU.Build.0 = Debug|Any CPU
		{4AD92DF8-60D8-4A17-A5B8-CDF0B5CBA149}.Release|Any CPU.ActiveCfg = Release|Any CPU
		{4AD92DF8-60D8-4A17-A5B8-CDF0B5CBA149}.Release|Any CPU.Build.0 = Release|Any CPU
		{DFB48C83-2E6A-4DA2-8A8B-3A399AD31D95}.Debug|Any CPU.ActiveCfg = Debug|Any CPU
		{DFB48C83-2E6A-4DA2-8A8B-3A399AD31D95}.Debug|Any CPU.Build.0 = Debug|Any CPU
		{DFB48C83-2E6A-4DA2-8A8B-3A399AD31D95}.Release|Any CPU.ActiveCfg = Release|Any CPU
		{DFB48C83-2E6A-4DA2-8A8B-3A399AD31D95}.Release|Any CPU.Build.0 = Release|Any CPU
	EndGlobalSection
	GlobalSection(SolutionProperties) = preSolution
		HideSolutionNode = FALSE
	EndGlobalSection
	GlobalSection(ExtensibilityGlobals) = postSolution
		SolutionGuid = {5676962E-FAD7-480F-8D10-2FF6A51C0736}
	EndGlobalSection
EndGlobal
